
Microsoft Visual Studio Solution File, Format Version 12.00
# Visual Studio Version 17
VisualStudioVersion = 17.2.32630.192
MinimumVisualStudioVersion = 10.0.40219.1
Project("{FAE04EC0-301F-11D3-BF4B-00C04F79EFBC}") = "Classes Excercise 1", "Classes Excercise 1\Classes Excercise 1.csproj", "{A62016B5-071F-4E00-90A6-ED7B5FB397D6}"
EndProject
Global
	GlobalSection(SolutionConfigurationPlatforms) = preSolution
		Debug|Any CPU = Debug|Any CPU
		Release|Any CPU = Release|Any CPU
	EndGlobalSection
	GlobalSection(ProjectConfigurationPlatforms) = postSolution
		{A62016B5-071F-4E00-90A6-ED7B5FB397D6}.Debug|Any CPU.ActiveCfg = Debug|Any CPU
		{A62016B5-071F-4E00-90A6-ED7B5FB397D6}.Debug|Any CPU.Build.0 = Debug|Any CPU
		{A62016B5-071F-4E00-90A6-ED7B5FB397D6}.Release|Any CPU.ActiveCfg = Release|Any CPU
		{A62016B5-071F-4E00-90A6-ED7B5FB397D6}.Release|Any CPU.Build.0 = Release|Any CPU
	EndGlobalSection
	GlobalSection(SolutionProperties) = preSolution
		HideSolutionNode = FALSE
	EndGlobalSection
	GlobalSection(ExtensibilityGlobals) = postSolution
		SolutionGuid = {6EEAB351-864F-4696-8C03-DE10991EF578}
	EndGlobalSection
EndGlobal
